// !$*UTF8*$!
{
	archiveVersion = 1;
	classes = {
	};
	objectVersion = 46;
	objects = {

/* Begin PBXBuildFile section */
		EEDBE04D456CDE71614DC7B8 /* UIView+SFAdditions.m in Sources */ = {isa = PBXBuildFile; fileRef = EEDBE8CC3BE0A7D50C855743 /* UIView+SFAdditions.m */; };
		EEDBE1850C3D01CD6CAFE2FC /* main.m in Sources */ = {isa = PBXBuildFile; fileRef = EEDBEB345F1BA6C01718C820 /* main.m */; };
		EEDBE2E0D37F2568E3DE2265 /* SubmitViewController.m in Sources */ = {isa = PBXBuildFile; fileRef = EEDBEAF5DE1E1F8D458A0928 /* SubmitViewController.m */; };
		EEDBE4CE2C909D774FBE08A5 /* Foundation.framework in Frameworks */ = {isa = PBXBuildFile; fileRef = EEDBE86B0219390EFE2A0385 /* Foundation.framework */; };
		EEDBE4D0746EB4C38C74DE2F /* ACAppDelegate.m in Sources */ = {isa = PBXBuildFile; fileRef = EEDBE04637D57E209920889D /* ACAppDelegate.m */; };
		EEDBE85918634FF2D0AF1AC0 /* ACLabel.m in Sources */ = {isa = PBXBuildFile; fileRef = EEDBE42EFAB9C4704E38F21F /* ACLabel.m */; };
		EEDBE92520C67FF29C31767A /* CoreGraphics.framework in Frameworks */ = {isa = PBXBuildFile; fileRef = EEDBEDD39E8A3B8D5B8EA181 /* CoreGraphics.framework */; };
		EEDBECE2CC82DEDEC79122B0 /* UIKit.framework in Frameworks */ = {isa = PBXBuildFile; fileRef = EEDBE11BEC59D79F674AE35A /* UIKit.framework */; };
		EEDBED6175D5474A4E584543 /* FormViewController.m in Sources */ = {isa = PBXBuildFile; fileRef = EEDBE17A054DEF60E253AAAF /* FormViewController.m */; };
/* End PBXBuildFile section */

/* Begin PBXFileReference section */
		EEDBE04637D57E209920889D /* ACAppDelegate.m */ = {isa = PBXFileReference; lastKnownFileType = sourcecode.c.objc; path = ACAppDelegate.m; sourceTree = "<group>"; };
		EEDBE08281540BFEC75B1B78 /* AppCodeExample.app */ = {isa = PBXFileReference; explicitFileType = wrapper.application; includeInIndex = 0; path = AppCodeExample.app; sourceTree = BUILT_PRODUCTS_DIR; };
		EEDBE11BEC59D79F674AE35A /* UIKit.framework */ = {isa = PBXFileReference; lastKnownFileType = wrapper.framework; name = UIKit.framework; path = System/Library/Frameworks/UIKit.framework; sourceTree = SDKROOT; };
		EEDBE17A054DEF60E253AAAF /* FormViewController.m */ = {isa = PBXFileReference; fileEncoding = 4; lastKnownFileType = sourcecode.c.objc; path = FormViewController.m; sourceTree = "<group>"; };
		EEDBE1989DEAC11BB6B5F130 /* ACLabel.h */ = {isa = PBXFileReference; fileEncoding = 4; lastKnownFileType = sourcecode.c.h; path = ACLabel.h; sourceTree = "<group>"; };
		EEDBE27916757D9FCD6055E5 /* AppCodeExample-Prefix.pch */ = {isa = PBXFileReference; lastKnownFileType = sourcecode.c.h; path = "AppCodeExample-Prefix.pch"; sourceTree = "<group>"; };
		EEDBE42EFAB9C4704E38F21F /* ACLabel.m */ = {isa = PBXFileReference; fileEncoding = 4; lastKnownFileType = sourcecode.c.objc; path = ACLabel.m; sourceTree = "<group>"; };
		EEDBE49B24B068550D846A7D /* UIView+SFAdditions.h */ = {isa = PBXFileReference; fileEncoding = 4; lastKnownFileType = sourcecode.c.h; path = "UIView+SFAdditions.h"; sourceTree = "<group>"; };
		EEDBE86B0219390EFE2A0385 /* Foundation.framework */ = {isa = PBXFileReference; lastKnownFileType = wrapper.framework; name = Foundation.framework; path = System/Library/Frameworks/Foundation.framework; sourceTree = SDKROOT; };
		EEDBE8CC3BE0A7D50C855743 /* UIView+SFAdditions.m */ = {isa = PBXFileReference; fileEncoding = 4; lastKnownFileType = sourcecode.c.objc; path = "UIView+SFAdditions.m"; sourceTree = "<group>"; };
		EEDBEAF5DE1E1F8D458A0928 /* SubmitViewController.m */ = {isa = PBXFileReference; fileEncoding = 4; lastKnownFileType = sourcecode.c.objc; path = SubmitViewController.m; sourceTree = "<group>"; };
		EEDBEB345F1BA6C01718C820 /* main.m */ = {isa = PBXFileReference; lastKnownFileType = sourcecode.c.objc; path = main.m; sourceTree = "<group>"; };
		EEDBEB45551083CAF24A1295 /* AppCodeExample-Info.plist */ = {isa = PBXFileReference; lastKnownFileType = text.plist.info; path = "AppCodeExample-Info.plist"; sourceTree = "<group>"; };
		EEDBED0B490CA4FE8D338532 /* ACAppDelegate.h */ = {isa = PBXFileReference; lastKnownFileType = sourcecode.c.h; path = ACAppDelegate.h; sourceTree = "<group>"; };
		EEDBED5E7577A703907EA347 /* FormViewController.h */ = {isa = PBXFileReference; fileEncoding = 4; lastKnownFileType = sourcecode.c.h; path = FormViewController.h; sourceTree = "<group>"; };
		EEDBED9EF22C918FDC55A964 /* SubmitViewController.h */ = {isa = PBXFileReference; fileEncoding = 4; lastKnownFileType = sourcecode.c.h; path = SubmitViewController.h; sourceTree = "<group>"; };
		EEDBEDD39E8A3B8D5B8EA181 /* CoreGraphics.framework */ = {isa = PBXFileReference; lastKnownFileType = wrapper.framework; name = CoreGraphics.framework; path = System/Library/Frameworks/CoreGraphics.framework; sourceTree = SDKROOT; };
/* End PBXFileReference section */

/* Begin PBXFrameworksBuildPhase section */
		EEDBEEE511664670ABCAC583 /* Frameworks */ = {
			isa = PBXFrameworksBuildPhase;
			buildActionMask = 2147483647;
			files = (
				EEDBECE2CC82DEDEC79122B0 /* UIKit.framework in Frameworks */,
				EEDBE4CE2C909D774FBE08A5 /* Foundation.framework in Frameworks */,
				EEDBE92520C67FF29C31767A /* CoreGraphics.framework in Frameworks */,
			);
			runOnlyForDeploymentPostprocessing = 0;
		};
/* End PBXFrameworksBuildPhase section */

/* Begin PBXGroup section */
		EEDBE01D04A8749E45C3BF8F = {
			isa = PBXGroup;
			children = (
				EEDBE83E3FD6F1A8FFE16038 /* Products */,
				EEDBEE4B3443A49CBE231DCE /* Frameworks */,
				EEDBE21937C1C0C5A2F7CD45 /* AppCodeExample */,
			);
			sourceTree = "<group>";
		};
		EEDBE21937C1C0C5A2F7CD45 /* AppCodeExample */ = {
			isa = PBXGroup;
			children = (
				EEDBE04637D57E209920889D /* ACAppDelegate.m */,
				EEDBED0B490CA4FE8D338532 /* ACAppDelegate.h */,
				EEDBE618B7BA27E2CDB62C46 /* Supporting Files */,
				EEDBE2AF00D4C1239D4448F0 /* Utils */,
				EEDBE3237982CB55E9A8B8FD /* Problem */,
			);
			path = AppCodeExample;
			sourceTree = "<group>";
		};
		EEDBE2AF00D4C1239D4448F0 /* Utils */ = {
			isa = PBXGroup;
			children = (
				EEDBE8CC3BE0A7D50C855743 /* UIView+SFAdditions.m */,
				EEDBE49B24B068550D846A7D /* UIView+SFAdditions.h */,
			);
			path = Utils;
			sourceTree = "<group>";
		};
		EEDBE3237982CB55E9A8B8FD /* Problem */ = {
			isa = PBXGroup;
			children = (
				EEDBE42EFAB9C4704E38F21F /* ACLabel.m */,
				EEDBEAF5DE1E1F8D458A0928 /* SubmitViewController.m */,
				EEDBED9EF22C918FDC55A964 /* SubmitViewController.h */,
				EEDBE17A054DEF60E253AAAF /* FormViewController.m */,
				EEDBE1989DEAC11BB6B5F130 /* ACLabel.h */,
				EEDBED5E7577A703907EA347 /* FormViewController.h */,
			);
			path = Problem;
			sourceTree = "<group>";
		};
		EEDBE618B7BA27E2CDB62C46 /* Supporting Files */ = {
			isa = PBXGroup;
			children = (
				EEDBE27916757D9FCD6055E5 /* AppCodeExample-Prefix.pch */,
				EEDBEB345F1BA6C01718C820 /* main.m */,
				EEDBEB45551083CAF24A1295 /* AppCodeExample-Info.plist */,
			);
			name = "Supporting Files";
			sourceTree = "<group>";
		};
		EEDBE83E3FD6F1A8FFE16038 /* Products */ = {
			isa = PBXGroup;
			children = (
				EEDBE08281540BFEC75B1B78 /* AppCodeExample.app */,
			);
			name = Products;
			sourceTree = "<group>";
		};
		EEDBEE4B3443A49CBE231DCE /* Frameworks */ = {
			isa = PBXGroup;
			children = (
				EEDBEDD39E8A3B8D5B8EA181 /* CoreGraphics.framework */,
				EEDBE86B0219390EFE2A0385 /* Foundation.framework */,
				EEDBE11BEC59D79F674AE35A /* UIKit.framework */,
			);
			name = Frameworks;
			sourceTree = "<group>";
		};
/* End PBXGroup section */

/* Begin PBXNativeTarget section */
		EEDBEE5BDDFA451A12F97F79 /* AppCodeExample */ = {
			isa = PBXNativeTarget;
			buildConfigurationList = EEDBEFD478429F4146C858E9 /* Build configuration list for PBXNativeTarget "AppCodeExample" */;
			buildPhases = (
				EEDBEB12329787BCF8672177 /* Sources */,
				EEDBEEE511664670ABCAC583 /* Frameworks */,
				EEDBEED2976F8327120B48AC /* Resources */,
			);
			buildRules = (
			);
			dependencies = (
			);
			name = AppCodeExample;
			productName = AppCodeExample;
			productReference = EEDBE08281540BFEC75B1B78 /* AppCodeExample.app */;
			productType = "com.apple.product-type.application";
		};
/* End PBXNativeTarget section */

/* Begin PBXProject section */
		EEDBE03C5CA5927CC213CA74 /* Project object */ = {
			isa = PBXProject;
			attributes = {
			};
			buildConfigurationList = EEDBE8C2D58C1684CE5B5542 /* Build configuration list for PBXProject "AppCodeExample" */;
			compatibilityVersion = "Xcode 3.2";
			developmentRegion = English;
			hasScannedForEncodings = 0;
			knownRegions = (
				en,
			);
			mainGroup = EEDBE01D04A8749E45C3BF8F;
			productRefGroup = EEDBE83E3FD6F1A8FFE16038 /* Products */;
			projectDirPath = "";
			projectRoot = "";
			targets = (
				EEDBEE5BDDFA451A12F97F79 /* AppCodeExample */,
			);
		};
/* End PBXProject section */

/* Begin PBXResourcesBuildPhase section */
		EEDBEED2976F8327120B48AC /* Resources */ = {
			isa = PBXResourcesBuildPhase;
			buildActionMask = 2147483647;
			files = (
			);
			runOnlyForDeploymentPostprocessing = 0;
		};
/* End PBXResourcesBuildPhase section */

/* Begin PBXSourcesBuildPhase section */
		EEDBEB12329787BCF8672177 /* Sources */ = {
			isa = PBXSourcesBuildPhase;
			buildActionMask = 2147483647;
			files = (
				EEDBE1850C3D01CD6CAFE2FC /* main.m in Sources */,
				EEDBE4D0746EB4C38C74DE2F /* ACAppDelegate.m in Sources */,
				EEDBE04D456CDE71614DC7B8 /* UIView+SFAdditions.m in Sources */,
				EEDBE85918634FF2D0AF1AC0 /* ACLabel.m in Sources */,
				EEDBE2E0D37F2568E3DE2265 /* SubmitViewController.m in Sources */,
				EEDBED6175D5474A4E584543 /* FormViewController.m in Sources */,
			);
			runOnlyForDeploymentPostprocessing = 0;
		};
/* End PBXSourcesBuildPhase section */

/* Begin XCBuildConfiguration section */
		EEDBE137FA4B5D392C9FF529 /* Release */ = {
			isa = XCBuildConfiguration;
			buildSettings = {
				ALWAYS_SEARCH_USER_PATHS = NO;
				ARCHS = "$(ARCHS_STANDARD_32_BIT)";
				CLANG_CXX_LANGUAGE_STANDARD = "gnu++0x";
				CLANG_ENABLE_OBJC_ARC = YES;
				CLANG_WARN__DUPLICATE_METHOD_MATCH = YES;
				"CODE_SIGN_IDENTITY[sdk=iphoneos*]" = "iPhone Developer";
				COPY_PHASE_STRIP = YES;
				GCC_C_LANGUAGE_STANDARD = gnu99;
				GCC_VERSION = com.apple.compilers.llvm.clang.1_0;
				GCC_WARN_ABOUT_RETURN_TYPE = YES;
				GCC_WARN_UNINITIALIZED_AUTOS = YES;
				GCC_WARN_UNUSED_VARIABLE = YES;
				IPHONEOS_DEPLOYMENT_TARGET = 5.1;
				OTHER_CFLAGS = "-DNS_BLOCK_ASSERTIONS=1";
				SDKROOT = iphoneos6.1;
				VALIDATE_PRODUCT = YES;
			};
			name = Release;
		};
		EEDBE9F0ADC4FF1425DF8E08 /* Debug */ = {
			isa = XCBuildConfiguration;
			buildSettings = {
				ALWAYS_SEARCH_USER_PATHS = NO;
				ARCHS = "$(ARCHS_STANDARD_32_BIT)";
				CLANG_CXX_LANGUAGE_STANDARD = "gnu++0x";
				CLANG_ENABLE_OBJC_ARC = YES;
				CLANG_WARN__DUPLICATE_METHOD_MATCH = YES;
				"CODE_SIGN_IDENTITY[sdk=iphoneos*]" = "iPhone Developer";
				COPY_PHASE_STRIP = NO;
				GCC_C_LANGUAGE_STANDARD = gnu99;
				GCC_DYNAMIC_NO_PIC = NO;
				GCC_OPTIMIZATION_LEVEL = 0;
				GCC_PREPROCESSOR_DEFINITIONS = (
					"DEBUG=1",
					"$(inherited)",
				);
				GCC_SYMBOLS_PRIVATE_EXTERN = NO;
				GCC_VERSION = com.apple.compilers.llvm.clang.1_0;
				GCC_WARN_ABOUT_RETURN_TYPE = YES;
				GCC_WARN_UNINITIALIZED_AUTOS = YES;
				GCC_WARN_UNUSED_VARIABLE = YES;
				IPHONEOS_DEPLOYMENT_TARGET = 5.1;
				SDKROOT = iphoneos6.1;
			};
			name = Debug;
		};
		EEDBEC854C2064DD264A8C4D /* Debug */ = {
			isa = XCBuildConfiguration;
			buildSettings = {
				GCC_PRECOMPILE_PREFIX_HEADER = YES;
				GCC_PREFIX_HEADER = "AppCodeExample/AppCodeExample-Prefix.pch";
				INFOPLIST_FILE = "AppCodeExample/AppCodeExample-Info.plist";
				PRODUCT_NAME = "$(TARGET_NAME)";
				WRAPPER_EXTENSION = app;
			};
			name = Debug;
		};
		EEDBEFE928100B5A97F4E95C /* Release */ = {
			isa = XCBuildConfiguration;
			buildSettings = {
				GCC_PRECOMPILE_PREFIX_HEADER = YES;
				GCC_PREFIX_HEADER = "AppCodeExample/AppCodeExample-Prefix.pch";
				INFOPLIST_FILE = "AppCodeExample/AppCodeExample-Info.plist";
				PRODUCT_NAME = "$(TARGET_NAME)";
				WRAPPER_EXTENSION = app;
			};
			name = Release;
		};
/* End XCBuildConfiguration section */

/* Begin XCConfigurationList section */
		EEDBE8C2D58C1684CE5B5542 /* Build configuration list for PBXProject "AppCodeExample" */ = {
			isa = XCConfigurationList;
			buildConfigurations = (
				EEDBE137FA4B5D392C9FF529 /* Release */,
				EEDBE9F0ADC4FF1425DF8E08 /* Debug */,
			);
			defaultConfigurationIsVisible = 0;
			defaultConfigurationName = Release;
		};
		EEDBEFD478429F4146C858E9 /* Build configuration list for PBXNativeTarget "AppCodeExample" */ = {
			isa = XCConfigurationList;
			buildConfigurations = (
				EEDBEFE928100B5A97F4E95C /* Release */,
				EEDBEC854C2064DD264A8C4D /* Debug */,
			);
			defaultConfigurationIsVisible = 0;
			defaultConfigurationName = Release;
		};
/* End XCConfigurationList section */
	};
	rootObject = EEDBE03C5CA5927CC213CA74 /* Project object */;
}
